
Microsoft Visual Studio Solution File, Format Version 12.00
# Visual Studio Version 17
VisualStudioVersion = 17.3.32819.101
MinimumVisualStudioVersion = 10.0.40219.1
Project("{2150E333-8FDC-42A3-9474-1A3956D46DE8}") = "net6.0", "net6.0", "{AE94D5DB-0791-47AC-9EF9-4B03D147B19A}"
EndProject
Project("{2150E333-8FDC-42A3-9474-1A3956D46DE8}") = "net8.0", "net8.0", "{ED5001EB-5431-4B3D-96B6-A6DE5017D0C7}"
EndProject
Project("{9A19103F-16F7-4668-BE54-9A1E7A4F7556}") = "AWSLambdaFunction", "net6.0\AWSLambdaFunction\AWSLambdaFunction.csproj", "{8C5F39F3-8F81-4DBB-A113-D6C3A4095D4C}"
EndProject
Project("{9A19103F-16F7-4668-BE54-9A1E7A4F7556}") = "AWSLambdaFunction", "net8.0\AWSLambdaFunction\AWSLambdaFunction.csproj", "{51AE4248-3BEE-4C0C-9C5E-43D25A296D9E}"
EndProject
Global
	GlobalSection(SolutionConfigurationPlatforms) = preSolution
		Debug|Any CPU = Debug|Any CPU
		Debug|x86 = Debug|x86
		Release|Any CPU = Release|Any CPU
		Release|x86 = Release|x86
	EndGlobalSection
	GlobalSection(ProjectConfigurationPlatforms) = postSolution
		{8C5F39F3-8F81-4DBB-A113-D6C3A4095D4C}.Debug|Any CPU.ActiveCfg = Debug|Any CPU
		{8C5F39F3-8F81-4DBB-A113-D6C3A4095D4C}.Debug|Any CPU.Build.0 = Debug|Any CPU
		{8C5F39F3-8F81-4DBB-A113-D6C3A4095D4C}.Debug|x86.ActiveCfg = Debug|Any CPU
		{8C5F39F3-8F81-4DBB-A113-D6C3A4095D4C}.Debug|x86.Build.0 = Debug|Any CPU
		{8C5F39F3-8F81-4DBB-A113-D6C3A4095D4C}.Release|Any CPU.ActiveCfg = Release|Any CPU
		{8C5F39F3-8F81-4DBB-A113-D6C3A4095D4C}.Release|Any CPU.Build.0 = Release|Any CPU
		{8C5F39F3-8F81-4DBB-A113-D6C3A4095D4C}.Release|x86.ActiveCfg = Release|Any CPU
		{8C5F39F3-8F81-4DBB-A113-D6C3A4095D4C}.Release|x86.Build.0 = Release|Any CPU
		{51AE4248-3BEE-4C0C-9C5E-43D25A296D9E}.Debug|Any CPU.ActiveCfg = Debug|Any CPU
		{51AE4248-3BEE-4C0C-9C5E-43D25A296D9E}.Debug|Any CPU.Build.0 = Debug|Any CPU
		{51AE4248-3BEE-4C0C-9C5E-43D25A296D9E}.Debug|x86.ActiveCfg = Debug|Any CPU
		{51AE4248-3BEE-4C0C-9C5E-43D25A296D9E}.Debug|x86.Build.0 = Debug|Any CPU
		{51AE4248-3BEE-4C0C-9C5E-43D25A296D9E}.Release|Any CPU.ActiveCfg = Release|Any CPU
		{51AE4248-3BEE-4C0C-9C5E-43D25A296D9E}.Release|Any CPU.Build.0 = Release|Any CPU
		{51AE4248-3BEE-4C0C-9C5E-43D25A296D9E}.Release|x86.ActiveCfg = Release|Any CPU
		{51AE4248-3BEE-4C0C-9C5E-43D25A296D9E}.Release|x86.Build.0 = Release|Any CPU
	EndGlobalSection
	GlobalSection(SolutionProperties) = preSolution
		HideSolutionNode = FALSE
	EndGlobalSection
	GlobalSection(NestedProjects) = preSolution
		{8C5F39F3-8F81-4DBB-A113-D6C3A4095D4C} = {AE94D5DB-0791-47AC-9EF9-4B03D147B19A}
		{51AE4248-3BEE-4C0C-9C5E-43D25A296D9E} = {ED5001EB-5431-4B3D-96B6-A6DE5017D0C7}
	EndGlobalSection
	GlobalSection(ExtensibilityGlobals) = postSolution
		SolutionGuid = {64E2E0F1-1B72-4E95-ADB7-6E255ED7ECBA}
	EndGlobalSection
EndGlobal
